// !$*UTF8*$!
{
	archiveVersion = 1;
	classes = {
	};
	objectVersion = 46;
	objects = {

/* Begin PBXBuildFile section */
		D3A3833519A41931005D9776 /* GameTypeController.swift in Sources */ = {isa = PBXBuildFile; fileRef = D3A3833419A41931005D9776 /* GameTypeController.swift */; };
		D3BAA192197F1C470088E315 /* ResultController.swift in Sources */ = {isa = PBXBuildFile; fileRef = D3BAA191197F1C470088E315 /* ResultController.swift */; };
		D3FE539C198D61730097DC05 /* FrontPageController.swift in Sources */ = {isa = PBXBuildFile; fileRef = D3FE539B198D61730097DC05 /* FrontPageController.swift */; };
		D3FE539E198D639E0097DC05 /* DateSelectionController.swift in Sources */ = {isa = PBXBuildFile; fileRef = D3FE539D198D639E0097DC05 /* DateSelectionController.swift */; };
		F6438AC9197DF99200650195 /* AppDelegate.swift in Sources */ = {isa = PBXBuildFile; fileRef = F6438AC8197DF99200650195 /* AppDelegate.swift */; };
		F6438ACE197DF99200650195 /* Main.storyboard in Resources */ = {isa = PBXBuildFile; fileRef = F6438ACC197DF99200650195 /* Main.storyboard */; };
		F6438AD0197DF99200650195 /* Images.xcassets in Resources */ = {isa = PBXBuildFile; fileRef = F6438ACF197DF99200650195 /* Images.xcassets */; };
		F6438ADC197DF99200650195 /* SwiftCoryatTests.swift in Sources */ = {isa = PBXBuildFile; fileRef = F6438ADB197DF99200650195 /* SwiftCoryatTests.swift */; };
		F6438AE6197DFAD700650195 /* GameBoardController.swift in Sources */ = {isa = PBXBuildFile; fileRef = F6438AE5197DFAD700650195 /* GameBoardController.swift */; };
		F6438AE8197DFB6500650195 /* GameBoardCell.swift in Sources */ = {isa = PBXBuildFile; fileRef = F6438AE7197DFB6500650195 /* GameBoardCell.swift */; };
		F646B5571981D61C00471B81 /* GameStatus.swift in Sources */ = {isa = PBXBuildFile; fileRef = F646B5561981D61C00471B81 /* GameStatus.swift */; };
		F646B5591981E7F800471B81 /* CategoryController.swift in Sources */ = {isa = PBXBuildFile; fileRef = F646B5581981E7F800471B81 /* CategoryController.swift */; };
		F646B55B1981FAC400471B81 /* FinalJeopardyController.swift in Sources */ = {isa = PBXBuildFile; fileRef = F646B55A1981FAC400471B81 /* FinalJeopardyController.swift */; };
		F68F7E5A19CF7B76001601B7 /* GameSummaryController.swift in Sources */ = {isa = PBXBuildFile; fileRef = F68F7E5919CF7B76001601B7 /* GameSummaryController.swift */; };
/* End PBXBuildFile section */

/* Begin PBXContainerItemProxy section */
		F6438AD6197DF99200650195 /* PBXContainerItemProxy */ = {
			isa = PBXContainerItemProxy;
			containerPortal = F6438ABB197DF99200650195 /* Project object */;
			proxyType = 1;
			remoteGlobalIDString = F6438AC2197DF99200650195;
			remoteInfo = SwiftCoryat;
		};
/* End PBXContainerItemProxy section */

/* Begin PBXFileReference section */
		D3A3833419A41931005D9776 /* GameTypeController.swift */ = {isa = PBXFileReference; fileEncoding = 4; lastKnownFileType = sourcecode.swift; path = GameTypeController.swift; sourceTree = "<group>"; };
		D3BAA191197F1C470088E315 /* ResultController.swift */ = {isa = PBXFileReference; fileEncoding = 4; lastKnownFileType = sourcecode.swift; path = ResultController.swift; sourceTree = "<group>"; };
		D3FE539B198D61730097DC05 /* FrontPageController.swift */ = {isa = PBXFileReference; fileEncoding = 4; lastKnownFileType = sourcecode.swift; path = FrontPageController.swift; sourceTree = "<group>"; };
		D3FE539D198D639E0097DC05 /* DateSelectionController.swift */ = {isa = PBXFileReference; fileEncoding = 4; lastKnownFileType = sourcecode.swift; path = DateSelectionController.swift; sourceTree = "<group>"; };
		F6438AC3197DF99200650195 /* SwiftCoryat.app */ = {isa = PBXFileReference; explicitFileType = wrapper.application; includeInIndex = 0; path = SwiftCoryat.app; sourceTree = BUILT_PRODUCTS_DIR; };
		F6438AC7197DF99200650195 /* Info.plist */ = {isa = PBXFileReference; lastKnownFileType = text.plist.xml; path = Info.plist; sourceTree = "<group>"; };
		F6438AC8197DF99200650195 /* AppDelegate.swift */ = {isa = PBXFileReference; lastKnownFileType = sourcecode.swift; path = AppDelegate.swift; sourceTree = "<group>"; };
		F6438ACD197DF99200650195 /* Base */ = {isa = PBXFileReference; lastKnownFileType = file.storyboard; name = Base; path = Base.lproj/Main.storyboard; sourceTree = "<group>"; };
		F6438ACF197DF99200650195 /* Images.xcassets */ = {isa = PBXFileReference; lastKnownFileType = folder.assetcatalog; path = Images.xcassets; sourceTree = "<group>"; };
		F6438AD5197DF99200650195 /* SwiftCoryatTests.xctest */ = {isa = PBXFileReference; explicitFileType = wrapper.cfbundle; includeInIndex = 0; path = SwiftCoryatTests.xctest; sourceTree = BUILT_PRODUCTS_DIR; };
		F6438ADA197DF99200650195 /* Info.plist */ = {isa = PBXFileReference; lastKnownFileType = text.plist.xml; path = Info.plist; sourceTree = "<group>"; };
		F6438ADB197DF99200650195 /* SwiftCoryatTests.swift */ = {isa = PBXFileReference; lastKnownFileType = sourcecode.swift; path = SwiftCoryatTests.swift; sourceTree = "<group>"; };
		F6438AE5197DFAD700650195 /* GameBoardController.swift */ = {isa = PBXFileReference; fileEncoding = 4; lastKnownFileType = sourcecode.swift; path = GameBoardController.swift; sourceTree = "<group>"; };
		F6438AE7197DFB6500650195 /* GameBoardCell.swift */ = {isa = PBXFileReference; fileEncoding = 4; lastKnownFileType = sourcecode.swift; path = GameBoardCell.swift; sourceTree = "<group>"; };
		F646B5561981D61C00471B81 /* GameStatus.swift */ = {isa = PBXFileReference; fileEncoding = 4; lastKnownFileType = sourcecode.swift; path = GameStatus.swift; sourceTree = "<group>"; };
		F646B5581981E7F800471B81 /* CategoryController.swift */ = {isa = PBXFileReference; fileEncoding = 4; lastKnownFileType = sourcecode.swift; path = CategoryController.swift; sourceTree = "<group>"; };
		F646B55A1981FAC400471B81 /* FinalJeopardyController.swift */ = {isa = PBXFileReference; fileEncoding = 4; lastKnownFileType = sourcecode.swift; path = FinalJeopardyController.swift; sourceTree = "<group>"; };
		F68F7E5919CF7B76001601B7 /* GameSummaryController.swift */ = {isa = PBXFileReference; fileEncoding = 4; lastKnownFileType = sourcecode.swift; path = GameSummaryController.swift; sourceTree = "<group>"; };
/* End PBXFileReference section */

/* Begin PBXFrameworksBuildPhase section */
		F6438AC0197DF99200650195 /* Frameworks */ = {
			isa = PBXFrameworksBuildPhase;
			buildActionMask = 2147483647;
			files = (
			);
			runOnlyForDeploymentPostprocessing = 0;
		};
		F6438AD2197DF99200650195 /* Frameworks */ = {
			isa = PBXFrameworksBuildPhase;
			buildActionMask = 2147483647;
			files = (
			);
			runOnlyForDeploymentPostprocessing = 0;
		};
/* End PBXFrameworksBuildPhase section */

/* Begin PBXGroup section */
		F6438ABA197DF99200650195 = {
			isa = PBXGroup;
			children = (
				F6438AC5197DF99200650195 /* SwiftCoryat */,
				F6438AD8197DF99200650195 /* SwiftCoryatTests */,
				F6438AC4197DF99200650195 /* Products */,
			);
			sourceTree = "<group>";
		};
		F6438AC4197DF99200650195 /* Products */ = {
			isa = PBXGroup;
			children = (
				F6438AC3197DF99200650195 /* SwiftCoryat.app */,
				F6438AD5197DF99200650195 /* SwiftCoryatTests.xctest */,
			);
			name = Products;
			sourceTree = "<group>";
		};
		F6438AC5197DF99200650195 /* SwiftCoryat */ = {
			isa = PBXGroup;
			children = (
				F646B5551981D59200471B81 /* Models */,
				F646B5541981D58C00471B81 /* Controllers */,
				F646B5531981D58600471B81 /* Views */,
				F6438AC8197DF99200650195 /* AppDelegate.swift */,
				F6438ACC197DF99200650195 /* Main.storyboard */,
				F6438ACF197DF99200650195 /* Images.xcassets */,
				F6438AC6197DF99200650195 /* Supporting Files */,
			);
			path = SwiftCoryat;
			sourceTree = "<group>";
		};
		F6438AC6197DF99200650195 /* Supporting Files */ = {
			isa = PBXGroup;
			children = (
				F6438AC7197DF99200650195 /* Info.plist */,
			);
			name = "Supporting Files";
			sourceTree = "<group>";
		};
		F6438AD8197DF99200650195 /* SwiftCoryatTests */ = {
			isa = PBXGroup;
			children = (
				F6438ADB197DF99200650195 /* SwiftCoryatTests.swift */,
				F6438AD9197DF99200650195 /* Supporting Files */,
			);
			path = SwiftCoryatTests;
			sourceTree = "<group>";
		};
		F6438AD9197DF99200650195 /* Supporting Files */ = {
			isa = PBXGroup;
			children = (
				F6438ADA197DF99200650195 /* Info.plist */,
			);
			name = "Supporting Files";
			sourceTree = "<group>";
		};
		F646B5531981D58600471B81 /* Views */ = {
			isa = PBXGroup;
			children = (
				F6438AE7197DFB6500650195 /* GameBoardCell.swift */,
			);
			name = Views;
			sourceTree = "<group>";
		};
		F646B5541981D58C00471B81 /* Controllers */ = {
			isa = PBXGroup;
			children = (
				F6438AE5197DFAD700650195 /* GameBoardController.swift */,
				D3BAA191197F1C470088E315 /* ResultController.swift */,
				F646B5581981E7F800471B81 /* CategoryController.swift */,
				F646B55A1981FAC400471B81 /* FinalJeopardyController.swift */,
				D3FE539B198D61730097DC05 /* FrontPageController.swift */,
				D3FE539D198D639E0097DC05 /* DateSelectionController.swift */,
				D3A3833419A41931005D9776 /* GameTypeController.swift */,
				F68F7E5919CF7B76001601B7 /* GameSummaryController.swift */,
			);
			name = Controllers;
			sourceTree = "<group>";
		};
		F646B5551981D59200471B81 /* Models */ = {
			isa = PBXGroup;
			children = (
				F646B5561981D61C00471B81 /* GameStatus.swift */,
			);
			name = Models;
			sourceTree = "<group>";
		};
/* End PBXGroup section */

/* Begin PBXNativeTarget section */
		F6438AC2197DF99200650195 /* SwiftCoryat */ = {
			isa = PBXNativeTarget;
			buildConfigurationList = F6438ADF197DF99200650195 /* Build configuration list for PBXNativeTarget "SwiftCoryat" */;
			buildPhases = (
				F6438ABF197DF99200650195 /* Sources */,
				F6438AC0197DF99200650195 /* Frameworks */,
				F6438AC1197DF99200650195 /* Resources */,
			);
			buildRules = (
			);
			dependencies = (
			);
			name = SwiftCoryat;
			productName = SwiftCoryat;
			productReference = F6438AC3197DF99200650195 /* SwiftCoryat.app */;
			productType = "com.apple.product-type.application";
		};
		F6438AD4197DF99200650195 /* SwiftCoryatTests */ = {
			isa = PBXNativeTarget;
			buildConfigurationList = F6438AE2197DF99200650195 /* Build configuration list for PBXNativeTarget "SwiftCoryatTests" */;
			buildPhases = (
				F6438AD1197DF99200650195 /* Sources */,
				F6438AD2197DF99200650195 /* Frameworks */,
				F6438AD3197DF99200650195 /* Resources */,
			);
			buildRules = (
			);
			dependencies = (
				F6438AD7197DF99200650195 /* PBXTargetDependency */,
			);
			name = SwiftCoryatTests;
			productName = SwiftCoryatTests;
			productReference = F6438AD5197DF99200650195 /* SwiftCoryatTests.xctest */;
			productType = "com.apple.product-type.bundle.unit-test";
		};
/* End PBXNativeTarget section */

/* Begin PBXProject section */
		F6438ABB197DF99200650195 /* Project object */ = {
			isa = PBXProject;
			attributes = {
				LastSwiftMigration = 0730;
				LastSwiftUpdateCheck = 0730;
				LastUpgradeCheck = 0730;
				ORGANIZATIONNAME = "Michael Frain";
				TargetAttributes = {
					F6438AC2197DF99200650195 = {
						CreatedOnToolsVersion = 6.0;
					};
					F6438AD4197DF99200650195 = {
						CreatedOnToolsVersion = 6.0;
						TestTargetID = F6438AC2197DF99200650195;
					};
				};
			};
			buildConfigurationList = F6438ABE197DF99200650195 /* Build configuration list for PBXProject "SwiftCoryat" */;
			compatibilityVersion = "Xcode 3.2";
			developmentRegion = English;
			hasScannedForEncodings = 0;
			knownRegions = (
				en,
				Base,
			);
			mainGroup = F6438ABA197DF99200650195;
			productRefGroup = F6438AC4197DF99200650195 /* Products */;
			projectDirPath = "";
			projectRoot = "";
			targets = (
				F6438AC2197DF99200650195 /* SwiftCoryat */,
				F6438AD4197DF99200650195 /* SwiftCoryatTests */,
			);
		};
/* End PBXProject section */

/* Begin PBXResourcesBuildPhase section */
		F6438AC1197DF99200650195 /* Resources */ = {
			isa = PBXResourcesBuildPhase;
			buildActionMask = 2147483647;
			files = (
				F6438ACE197DF99200650195 /* Main.storyboard in Resources */,
				F6438AD0197DF99200650195 /* Images.xcassets in Resources */,
			);
			runOnlyForDeploymentPostprocessing = 0;
		};
		F6438AD3197DF99200650195 /* Resources */ = {
			isa = PBXResourcesBuildPhase;
			buildActionMask = 2147483647;
			files = (
			);
			runOnlyForDeploymentPostprocessing = 0;
		};
/* End PBXResourcesBuildPhase section */

/* Begin PBXSourcesBuildPhase section */
		F6438ABF197DF99200650195 /* Sources */ = {
			isa = PBXSourcesBuildPhase;
			buildActionMask = 2147483647;
			files = (
				D3BAA192197F1C470088E315 /* ResultController.swift in Sources */,
				D3A3833519A41931005D9776 /* GameTypeController.swift in Sources */,
				F6438AE6197DFAD700650195 /* GameBoardController.swift in Sources */,
				F646B5571981D61C00471B81 /* GameStatus.swift in Sources */,
				D3FE539E198D639E0097DC05 /* DateSelectionController.swift in Sources */,
				F6438AC9197DF99200650195 /* AppDelegate.swift in Sources */,
				F6438AE8197DFB6500650195 /* GameBoardCell.swift in Sources */,
				F646B55B1981FAC400471B81 /* FinalJeopardyController.swift in Sources */,
				F68F7E5A19CF7B76001601B7 /* GameSummaryController.swift in Sources */,
				D3FE539C198D61730097DC05 /* FrontPageController.swift in Sources */,
				F646B5591981E7F800471B81 /* CategoryController.swift in Sources */,
			);
			runOnlyForDeploymentPostprocessing = 0;
		};
		F6438AD1197DF99200650195 /* Sources */ = {
			isa = PBXSourcesBuildPhase;
			buildActionMask = 2147483647;
			files = (
				F6438ADC197DF99200650195 /* SwiftCoryatTests.swift in Sources */,
			);
			runOnlyForDeploymentPostprocessing = 0;
		};
/* End PBXSourcesBuildPhase section */

/* Begin PBXTargetDependency section */
		F6438AD7197DF99200650195 /* PBXTargetDependency */ = {
			isa = PBXTargetDependency;
			target = F6438AC2197DF99200650195 /* SwiftCoryat */;
			targetProxy = F6438AD6197DF99200650195 /* PBXContainerItemProxy */;
		};
/* End PBXTargetDependency section */

/* Begin PBXVariantGroup section */
		F6438ACC197DF99200650195 /* Main.storyboard */ = {
			isa = PBXVariantGroup;
			children = (
				F6438ACD197DF99200650195 /* Base */,
			);
			name = Main.storyboard;
			sourceTree = "<group>";
		};
/* End PBXVariantGroup section */

/* Begin XCBuildConfiguration section */
		F6438ADD197DF99200650195 /* Debug */ = {
			isa = XCBuildConfiguration;
			buildSettings = {
				ALWAYS_SEARCH_USER_PATHS = NO;
				CLANG_CXX_LANGUAGE_STANDARD = "gnu++0x";
				CLANG_CXX_LIBRARY = "libc++";
				CLANG_ENABLE_MODULES = YES;
				CLANG_ENABLE_OBJC_ARC = YES;
				CLANG_WARN_BOOL_CONVERSION = YES;
				CLANG_WARN_CONSTANT_CONVERSION = YES;
				CLANG_WARN_DIRECT_OBJC_ISA_USAGE = YES_ERROR;
				CLANG_WARN_EMPTY_BODY = YES;
				CLANG_WARN_ENUM_CONVERSION = YES;
				CLANG_WARN_INT_CONVERSION = YES;
				CLANG_WARN_OBJC_ROOT_CLASS = YES_ERROR;
				CLANG_WARN_UNREACHABLE_CODE = YES;
				CLANG_WARN__DUPLICATE_METHOD_MATCH = YES;
				"CODE_SIGN_IDENTITY[sdk=iphoneos*]" = "iPhone Developer";
				COPY_PHASE_STRIP = NO;
				ENABLE_STRICT_OBJC_MSGSEND = YES;
				ENABLE_TESTABILITY = YES;
				GCC_C_LANGUAGE_STANDARD = gnu99;
				GCC_DYNAMIC_NO_PIC = NO;
				GCC_OPTIMIZATION_LEVEL = 0;
				GCC_PREPROCESSOR_DEFINITIONS = (
					"DEBUG=1",
					"$(inherited)",
				);
				GCC_SYMBOLS_PRIVATE_EXTERN = NO;
				GCC_WARN_64_TO_32_BIT_CONVERSION = YES;
				GCC_WARN_ABOUT_RETURN_TYPE = YES_ERROR;
				GCC_WARN_UNDECLARED_SELECTOR = YES;
				GCC_WARN_UNINITIALIZED_AUTOS = YES_AGGRESSIVE;
				GCC_WARN_UNUSED_FUNCTION = YES;
				GCC_WARN_UNUSED_VARIABLE = YES;
				IPHONEOS_DEPLOYMENT_TARGET = 8.0;
				MTL_ENABLE_DEBUG_INFO = YES;
				ONLY_ACTIVE_ARCH = YES;
				SDKROOT = iphoneos;
				SWIFT_OPTIMIZATION_LEVEL = "-Onone";
				TARGETED_DEVICE_FAMILY = "1,2";
			};
			name = Debug;
		};
		F6438ADE197DF99200650195 /* Release */ = {
			isa = XCBuildConfiguration;
			buildSettings = {
				ALWAYS_SEARCH_USER_PATHS = NO;
				CLANG_CXX_LANGUAGE_STANDARD = "gnu++0x";
				CLANG_CXX_LIBRARY = "libc++";
				CLANG_ENABLE_MODULES = YES;
				CLANG_ENABLE_OBJC_ARC = YES;
				CLANG_WARN_BOOL_CONVERSION = YES;
				CLANG_WARN_CONSTANT_CONVERSION = YES;
				CLANG_WARN_DIRECT_OBJC_ISA_USAGE = YES_ERROR;
				CLANG_WARN_EMPTY_BODY = YES;
				CLANG_WARN_ENUM_CONVERSION = YES;
				CLANG_WARN_INT_CONVERSION = YES;
				CLANG_WARN_OBJC_ROOT_CLASS = YES_ERROR;
				CLANG_WARN_UNREACHABLE_CODE = YES;
				CLANG_WARN__DUPLICATE_METHOD_MATCH = YES;
				"CODE_SIGN_IDENTITY[sdk=iphoneos*]" = "iPhone Developer";
				COPY_PHASE_STRIP = YES;
				ENABLE_NS_ASSERTIONS = NO;
				ENABLE_STRICT_OBJC_MSGSEND = YES;
				GCC_C_LANGUAGE_STANDARD = gnu99;
				GCC_WARN_64_TO_32_BIT_CONVERSION = YES;
				GCC_WARN_ABOUT_RETURN_TYPE = YES_ERROR;
				GCC_WARN_UNDECLARED_SELECTOR = YES;
				GCC_WARN_UNINITIALIZED_AUTOS = YES_AGGRESSIVE;
				GCC_WARN_UNUSED_FUNCTION = YES;
				GCC_WARN_UNUSED_VARIABLE = YES;
				IPHONEOS_DEPLOYMENT_TARGET = 8.0;
				MTL_ENABLE_DEBUG_INFO = NO;
				SDKROOT = iphoneos;
				TARGETED_DEVICE_FAMILY = "1,2";
				VALIDATE_PRODUCT = YES;
			};
			name = Release;
		};
		F6438AE0197DF99200650195 /* Debug */ = {
			isa = XCBuildConfiguration;
			buildSettings = {
				ASSETCATALOG_COMPILER_APPICON_NAME = AppIcon;
				ASSETCATALOG_COMPILER_LAUNCHIMAGE_NAME = LaunchImage;
				INFOPLIST_FILE = SwiftCoryat/Info.plist;
				LD_RUNPATH_SEARCH_PATHS = "$(inherited) @executable_path/Frameworks";
				PRODUCT_BUNDLE_IDENTIFIER = "com.mfrain.${PRODUCT_NAME:rfc1034identifier}";
				PRODUCT_NAME = "$(TARGET_NAME)";
			};
			name = Debug;
		};
		F6438AE1197DF99200650195 /* Release */ = {
			isa = XCBuildConfiguration;
			buildSettings = {
				ASSETCATALOG_COMPILER_APPICON_NAME = AppIcon;
				ASSETCATALOG_COMPILER_LAUNCHIMAGE_NAME = LaunchImage;
				INFOPLIST_FILE = SwiftCoryat/Info.plist;
				LD_RUNPATH_SEARCH_PATHS = "$(inherited) @executable_path/Frameworks";
				PRODUCT_BUNDLE_IDENTIFIER = "com.mfrain.${PRODUCT_NAME:rfc1034identifier}";
				PRODUCT_NAME = "$(TARGET_NAME)";
			};
			name = Release;
		};
		F6438AE3197DF99200650195 /* Debug */ = {
			isa = XCBuildConfiguration;
			buildSettings = {
				BUNDLE_LOADER = "$(BUILT_PRODUCTS_DIR)/SwiftCoryat.app/SwiftCoryat";
				FRAMEWORK_SEARCH_PATHS = (
					"$(SDKROOT)/Developer/Library/Frameworks",
					"$(inherited)",
				);
				GCC_PREPROCESSOR_DEFINITIONS = (
					"DEBUG=1",
					"$(inherited)",
				);
				INFOPLIST_FILE = SwiftCoryatTests/Info.plist;
				LD_RUNPATH_SEARCH_PATHS = "$(inherited) @executable_path/Frameworks @loader_path/Frameworks";
				PRODUCT_BUNDLE_IDENTIFIER = "com.mfrain.${PRODUCT_NAME:rfc1034identifier}";
				PRODUCT_NAME = "$(TARGET_NAME)";
				TEST_HOST = "$(BUNDLE_LOADER)";
			};
			name = Debug;
		};
		F6438AE4197DF99200650195 /* Release */ = {
			isa = XCBuildConfiguration;
			buildSettings = {
				BUNDLE_LOADER = "$(BUILT_PRODUCTS_DIR)/SwiftCoryat.app/SwiftCoryat";
				FRAMEWORK_SEARCH_PATHS = (
					"$(SDKROOT)/Developer/Library/Frameworks",
					"$(inherited)",
				);
				INFOPLIST_FILE = SwiftCoryatTests/Info.plist;
				LD_RUNPATH_SEARCH_PATHS = "$(inherited) @executable_path/Frameworks @loader_path/Frameworks";
				PRODUCT_BUNDLE_IDENTIFIER = "com.mfrain.${PRODUCT_NAME:rfc1034identifier}";
				PRODUCT_NAME = "$(TARGET_NAME)";
				TEST_HOST = "$(BUNDLE_LOADER)";
			};
			name = Release;
		};
/* End XCBuildConfiguration section */

/* Begin XCConfigurationList section */
		F6438ABE197DF99200650195 /* Build configuration list for PBXProject "SwiftCoryat" */ = {
			isa = XCConfigurationList;
			buildConfigurations = (
				F6438ADD197DF99200650195 /* Debug */,
				F6438ADE197DF99200650195 /* Release */,
			);
			defaultConfigurationIsVisible = 0;
			defaultConfigurationName = Release;
		};
		F6438ADF197DF99200650195 /* Build configuration list for PBXNativeTarget "SwiftCoryat" */ = {
			isa = XCConfigurationList;
			buildConfigurations = (
				F6438AE0197DF99200650195 /* Debug */,
				F6438AE1197DF99200650195 /* Release */,
			);
			defaultConfigurationIsVisible = 0;
			defaultConfigurationName = Release;
		};
		F6438AE2197DF99200650195 /* Build configuration list for PBXNativeTarget "SwiftCoryatTests" */ = {
			isa = XCConfigurationList;
			buildConfigurations = (
				F6438AE3197DF99200650195 /* Debug */,
				F6438AE4197DF99200650195 /* Release */,
			);
			defaultConfigurationIsVisible = 0;
			defaultConfigurationName = Release;
		};
/* End XCConfigurationList section */
	};
	rootObject = F6438ABB197DF99200650195 /* Project object */;
}
